
Microsoft Visual Studio Solution File, Format Version 10.00
# Visual Studio 2008
Project("{8BC9CEB8-8B4A-11D0-8D11-00A0C91BC942}") = "Core", "Core\Core.vcproj", "{458D8636-9459-4345-A5A6-E14B4F30F8EF}"
EndProject
Project("{8BC9CEB8-8B4A-11D0-8D11-00A0C91BC942}") = "TCP", "TCP\TCP.vcproj", "{CCE00E90-3C53-41D2-BE78-0DCDBF762066}"
	ProjectSection(ProjectDependencies) = postProject
		{458D8636-9459-4345-A5A6-E14B4F30F8EF} = {458D8636-9459-4345-A5A6-E14B4F30F8EF}
	EndProjectSection
EndProject
Project("{8BC9CEB8-8B4A-11D0-8D11-00A0C91BC942}") = "UDP", "UDP\UDP.vcproj", "{B9555184-CD52-4E65-BAEA-6F3AB16A3D27}"
	ProjectSection(ProjectDependencies) = postProject
		{458D8636-9459-4345-A5A6-E14B4F30F8EF} = {458D8636-9459-4345-A5A6-E14B4F30F8EF}
	EndProjectSection
EndProject
Project("{8BC9CEB8-8B4A-11D0-8D11-00A0C91BC942}") = "mBrane", "mBrane\mBrane.vcproj", "{1119B244-BF02-4105-A005-EC8725F7F973}"
	ProjectSection(ProjectDependencies) = postProject
		{458D8636-9459-4345-A5A6-E14B4F30F8EF} = {458D8636-9459-4345-A5A6-E14B4F30F8EF}
	EndProjectSection
EndProject
Project("{8BC9CEB8-8B4A-11D0-8D11-00A0C91BC942}") = "pingpong", "pingpong\pingpong.vcproj", "{07227D12-B8A1-4A34-BA99-C4E7B86AF601}"
	ProjectSection(ProjectDependencies) = postProject
		{458D8636-9459-4345-A5A6-E14B4F30F8EF} = {458D8636-9459-4345-A5A6-E14B4F30F8EF}
	EndProjectSection
EndProject
Project("{8BC9CEB8-8B4A-11D0-8D11-00A0C91BC942}") = "Perf", "Perf\Perf.vcproj", "{B715B92C-86D0-4AFC-8A64-2ED90A39FC7F}"
	ProjectSection(ProjectDependencies) = postProject
		{458D8636-9459-4345-A5A6-E14B4F30F8EF} = {458D8636-9459-4345-A5A6-E14B4F30F8EF}
	EndProjectSection
EndProject
Global
	GlobalSection(SolutionConfigurationPlatforms) = preSolution
		Debug|Win32 = Debug|Win32
		Release|Win32 = Release|Win32
	EndGlobalSection
	GlobalSection(ProjectConfigurationPlatforms) = postSolution
		{458D8636-9459-4345-A5A6-E14B4F30F8EF}.Debug|Win32.ActiveCfg = Debug|Win32
		{458D8636-9459-4345-A5A6-E14B4F30F8EF}.Debug|Win32.Build.0 = Debug|Win32
		{458D8636-9459-4345-A5A6-E14B4F30F8EF}.Release|Win32.ActiveCfg = Release|Win32
		{458D8636-9459-4345-A5A6-E14B4F30F8EF}.Release|Win32.Build.0 = Release|Win32
		{CCE00E90-3C53-41D2-BE78-0DCDBF762066}.Debug|Win32.ActiveCfg = Debug|Win32
		{CCE00E90-3C53-41D2-BE78-0DCDBF762066}.Debug|Win32.Build.0 = Debug|Win32
		{CCE00E90-3C53-41D2-BE78-0DCDBF762066}.Release|Win32.ActiveCfg = Release|Win32
		{CCE00E90-3C53-41D2-BE78-0DCDBF762066}.Release|Win32.Build.0 = Release|Win32
		{B9555184-CD52-4E65-BAEA-6F3AB16A3D27}.Debug|Win32.ActiveCfg = Debug|Win32
		{B9555184-CD52-4E65-BAEA-6F3AB16A3D27}.Debug|Win32.Build.0 = Debug|Win32
		{B9555184-CD52-4E65-BAEA-6F3AB16A3D27}.Release|Win32.ActiveCfg = Release|Win32
		{B9555184-CD52-4E65-BAEA-6F3AB16A3D27}.Release|Win32.Build.0 = Release|Win32
		{1119B244-BF02-4105-A005-EC8725F7F973}.Debug|Win32.ActiveCfg = Debug|Win32
		{1119B244-BF02-4105-A005-EC8725F7F973}.Debug|Win32.Build.0 = Debug|Win32
		{1119B244-BF02-4105-A005-EC8725F7F973}.Release|Win32.ActiveCfg = Release|Win32
		{1119B244-BF02-4105-A005-EC8725F7F973}.Release|Win32.Build.0 = Release|Win32
		{07227D12-B8A1-4A34-BA99-C4E7B86AF601}.Debug|Win32.ActiveCfg = Debug|Win32
		{07227D12-B8A1-4A34-BA99-C4E7B86AF601}.Debug|Win32.Build.0 = Debug|Win32
		{07227D12-B8A1-4A34-BA99-C4E7B86AF601}.Release|Win32.ActiveCfg = Release|Win32
		{07227D12-B8A1-4A34-BA99-C4E7B86AF601}.Release|Win32.Build.0 = Release|Win32
		{B715B92C-86D0-4AFC-8A64-2ED90A39FC7F}.Debug|Win32.ActiveCfg = Debug|Win32
		{B715B92C-86D0-4AFC-8A64-2ED90A39FC7F}.Debug|Win32.Build.0 = Debug|Win32
		{B715B92C-86D0-4AFC-8A64-2ED90A39FC7F}.Release|Win32.ActiveCfg = Release|Win32
		{B715B92C-86D0-4AFC-8A64-2ED90A39FC7F}.Release|Win32.Build.0 = Release|Win32
	EndGlobalSection
	GlobalSection(SolutionProperties) = preSolution
		HideSolutionNode = FALSE
	EndGlobalSection
EndGlobal
