
Microsoft Visual Studio Solution File, Format Version 10.00
# Visual Studio 2008
Project("{8BC9CEB8-8B4A-11D0-8D11-00A0C91BC942}") = "Core", "Core\Core.vcproj", "{458D8636-9459-4345-A5A6-E14B4F30F8EF}"
	ProjectSection(ProjectDependencies) = postProject
		{4F80B928-6CC8-45E2-A709-3CE78D226990} = {4F80B928-6CC8-45E2-A709-3CE78D226990}
	EndProjectSection
EndProject
Project("{8BC9CEB8-8B4A-11D0-8D11-00A0C91BC942}") = "TCP", "TCP\TCP.vcproj", "{CCE00E90-3C53-41D2-BE78-0DCDBF762066}"
	ProjectSection(ProjectDependencies) = postProject
		{4F80B928-6CC8-45E2-A709-3CE78D226990} = {4F80B928-6CC8-45E2-A709-3CE78D226990}
		{458D8636-9459-4345-A5A6-E14B4F30F8EF} = {458D8636-9459-4345-A5A6-E14B4F30F8EF}
	EndProjectSection
EndProject
Project("{8BC9CEB8-8B4A-11D0-8D11-00A0C91BC942}") = "UDP", "UDP\UDP.vcproj", "{B9555184-CD52-4E65-BAEA-6F3AB16A3D27}"
	ProjectSection(ProjectDependencies) = postProject
		{4F80B928-6CC8-45E2-A709-3CE78D226990} = {4F80B928-6CC8-45E2-A709-3CE78D226990}
		{458D8636-9459-4345-A5A6-E14B4F30F8EF} = {458D8636-9459-4345-A5A6-E14B4F30F8EF}
	EndProjectSection
EndProject
Project("{8BC9CEB8-8B4A-11D0-8D11-00A0C91BC942}") = "mBrane", "mBrane\mBrane.vcproj", "{1119B244-BF02-4105-A005-EC8725F7F973}"
	ProjectSection(ProjectDependencies) = postProject
		{4F80B928-6CC8-45E2-A709-3CE78D226990} = {4F80B928-6CC8-45E2-A709-3CE78D226990}
		{458D8636-9459-4345-A5A6-E14B4F30F8EF} = {458D8636-9459-4345-A5A6-E14B4F30F8EF}
		{CCE00E90-3C53-41D2-BE78-0DCDBF762067} = {CCE00E90-3C53-41D2-BE78-0DCDBF762067}
	EndProjectSection
EndProject
Project("{8BC9CEB8-8B4A-11D0-8D11-00A0C91BC942}") = "mBraneLib", "mBrane\mBraneLib.vcproj", "{CCE00E90-3C53-41D2-BE78-0DCDBF762067}"
	ProjectSection(ProjectDependencies) = postProject
		{4F80B928-6CC8-45E2-A709-3CE78D226990} = {4F80B928-6CC8-45E2-A709-3CE78D226990}
		{458D8636-9459-4345-A5A6-E14B4F30F8EF} = {458D8636-9459-4345-A5A6-E14B4F30F8EF}
	EndProjectSection
EndProject
Project("{8BC9CEB8-8B4A-11D0-8D11-00A0C91BC942}") = "pingpong", "pingpong\pingpong.vcproj", "{07227D12-B8A1-4A34-BA99-C4E7B86AF601}"
	ProjectSection(ProjectDependencies) = postProject
		{4F80B928-6CC8-45E2-A709-3CE78D226990} = {4F80B928-6CC8-45E2-A709-3CE78D226990}
		{458D8636-9459-4345-A5A6-E14B4F30F8EF} = {458D8636-9459-4345-A5A6-E14B4F30F8EF}
	EndProjectSection
EndProject
Project("{8BC9CEB8-8B4A-11D0-8D11-00A0C91BC942}") = "Perf", "Perf\Perf.vcproj", "{B715B92C-86D0-4AFC-8A64-2ED90A39FC7F}"
	ProjectSection(ProjectDependencies) = postProject
		{4F80B928-6CC8-45E2-A709-3CE78D226990} = {4F80B928-6CC8-45E2-A709-3CE78D226990}
		{458D8636-9459-4345-A5A6-E14B4F30F8EF} = {458D8636-9459-4345-A5A6-E14B4F30F8EF}
	EndProjectSection
EndProject
Project("{8BC9CEB8-8B4A-11D0-8D11-00A0C91BC942}") = "CoreTest", "Core\CoreTest.vcproj", "{1119B244-BF02-4105-A005-EC8725F7F970}"
	ProjectSection(ProjectDependencies) = postProject
		{4F80B928-6CC8-45E2-A709-3CE78D226990} = {4F80B928-6CC8-45E2-A709-3CE78D226990}
		{458D8636-9459-4345-A5A6-E14B4F30F8EF} = {458D8636-9459-4345-A5A6-E14B4F30F8EF}
	EndProjectSection
EndProject
Project("{8BC9CEB8-8B4A-11D0-8D11-00A0C91BC942}") = "CoreLibrary", "CoreLibrary\CoreLibrary.vcproj", "{4F80B928-6CC8-45E2-A709-3CE78D226990}"
EndProject
Project("{2150E333-8FDC-42A3-9474-1A3956D46DE8}") = "App", "App", "{EEDAFF41-9B7A-4A74-851A-6620B504605A}"
	ProjectSection(SolutionItems) = preProject
		App\bm-1app.xml = App\bm-1app.xml
		App\bm-2app.xml = App\bm-2app.xml
		App\bm-app-2nodes.xml = App\bm-app-2nodes.xml
		App\bm-app-4nodes.xml = App\bm-app-4nodes.xml
		App\bm-app-8nodes.xml = App\bm-app-8nodes.xml
		App\bm-node1-2nodes.xml = App\bm-node1-2nodes.xml
		App\bm-node1-4nodes.xml = App\bm-node1-4nodes.xml
		App\bm-node1-8nodes.xml = App\bm-node1-8nodes.xml
		App\bm-node2-2nodes.xml = App\bm-node2-2nodes.xml
		App\bm-node2-4nodes.xml = App\bm-node2-4nodes.xml
		App\bm-node2-8nodes.xml = App\bm-node2-8nodes.xml
		App\bm-node3-4nodes.xml = App\bm-node3-4nodes.xml
		App\bm-node3-8nodes.xml = App\bm-node3-8nodes.xml
		App\bm-node4-4nodes.xml = App\bm-node4-4nodes.xml
		App\bm-node4-8nodes.xml = App\bm-node4-8nodes.xml
		App\bm-node5-8nodes.xml = App\bm-node5-8nodes.xml
		App\bm-node6-8nodes.xml = App\bm-node6-8nodes.xml
		App\bm-node7-8nodes.xml = App\bm-node7-8nodes.xml
		App\bm-node8-8nodes.xml = App\bm-node8-8nodes.xml
		App\bm1-1node.xml = App\bm1-1node.xml
		App\bm1-2node.xml = App\bm1-2node.xml
		App\bm2-2node.xml = App\bm2-2node.xml
		App\cm_app.xml = App\cm_app.xml
		App\cm_node.xml = App\cm_node.xml
		App\domo-app-2nodes.xml = App\domo-app-2nodes.xml
		App\domo-node1-2nodes.xml = App\domo-node1-2nodes.xml
		App\domo-node2-2nodes.xml = App\domo-node2-2nodes.xml
		App\hugin-freja-app-2nodes.xml = App\hugin-freja-app-2nodes.xml
		App\hugin-freja-node1-2nodes.xml = App\hugin-freja-node1-2nodes.xml
		App\hugin-freja-node2-2nodes.xml = App\hugin-freja-node2-2nodes.xml
		App\hugin-munin-app-2nodes.xml = App\hugin-munin-app-2nodes.xml
		App\hugin-munin-node1-2nodes.xml = App\hugin-munin-node1-2nodes.xml
		App\hugin-munin-node2-2nodes.xml = App\hugin-munin-node2-2nodes.xml
		App\perf.xml = App\perf.xml
		App\perfapp.xml = App\perfapp.xml
		App\perflin.xml = App\perflin.xml
		App\pingpong_app.xml = App\pingpong_app.xml
		App\pingpong_node.xml = App\pingpong_node.xml
		App\rr_thorlist.xml = App\rr_thorlist.xml
		App\rrapp.xml = App\rrapp.xml
		App\rrapp2node.xml = App\rrapp2node.xml
		App\rrcob.xml = App\rrcob.xml
		App\rrcob2node.xml = App\rrcob2node.xml
		App\rrlin.xml = App\rrlin.xml
		App\rrlin2node.xml = App\rrlin2node.xml
		App\rrspec.xml = App\rrspec.xml
		App\sizetest-app.xml = App\sizetest-app.xml
		App\sizetest.xml = App\sizetest.xml
		App\test_2node.xml = App\test_2node.xml
		App\test_application.xml = App\test_application.xml
		App\test_node.xml = App\test_node.xml
	EndProjectSection
EndProject
Global
	GlobalSection(SolutionConfigurationPlatforms) = preSolution
		Debug|Win32 = Debug|Win32
		Debug|x64 = Debug|x64
		Release|Win32 = Release|Win32
		Release|x64 = Release|x64
	EndGlobalSection
	GlobalSection(ProjectConfigurationPlatforms) = postSolution
		{458D8636-9459-4345-A5A6-E14B4F30F8EF}.Debug|Win32.ActiveCfg = Debug|Win32
		{458D8636-9459-4345-A5A6-E14B4F30F8EF}.Debug|Win32.Build.0 = Debug|Win32
		{458D8636-9459-4345-A5A6-E14B4F30F8EF}.Debug|x64.ActiveCfg = Debug|x64
		{458D8636-9459-4345-A5A6-E14B4F30F8EF}.Debug|x64.Build.0 = Debug|x64
		{458D8636-9459-4345-A5A6-E14B4F30F8EF}.Release|Win32.ActiveCfg = Release|Win32
		{458D8636-9459-4345-A5A6-E14B4F30F8EF}.Release|Win32.Build.0 = Release|Win32
		{458D8636-9459-4345-A5A6-E14B4F30F8EF}.Release|x64.ActiveCfg = Release|x64
		{458D8636-9459-4345-A5A6-E14B4F30F8EF}.Release|x64.Build.0 = Release|x64
		{CCE00E90-3C53-41D2-BE78-0DCDBF762066}.Debug|Win32.ActiveCfg = Debug|Win32
		{CCE00E90-3C53-41D2-BE78-0DCDBF762066}.Debug|Win32.Build.0 = Debug|Win32
		{CCE00E90-3C53-41D2-BE78-0DCDBF762066}.Debug|x64.ActiveCfg = Debug|x64
		{CCE00E90-3C53-41D2-BE78-0DCDBF762066}.Debug|x64.Build.0 = Debug|x64
		{CCE00E90-3C53-41D2-BE78-0DCDBF762066}.Release|Win32.ActiveCfg = Release|Win32
		{CCE00E90-3C53-41D2-BE78-0DCDBF762066}.Release|Win32.Build.0 = Release|Win32
		{CCE00E90-3C53-41D2-BE78-0DCDBF762066}.Release|x64.ActiveCfg = Release|x64
		{CCE00E90-3C53-41D2-BE78-0DCDBF762066}.Release|x64.Build.0 = Release|x64
		{B9555184-CD52-4E65-BAEA-6F3AB16A3D27}.Debug|Win32.ActiveCfg = Debug|Win32
		{B9555184-CD52-4E65-BAEA-6F3AB16A3D27}.Debug|Win32.Build.0 = Debug|Win32
		{B9555184-CD52-4E65-BAEA-6F3AB16A3D27}.Debug|x64.ActiveCfg = Debug|x64
		{B9555184-CD52-4E65-BAEA-6F3AB16A3D27}.Debug|x64.Build.0 = Debug|x64
		{B9555184-CD52-4E65-BAEA-6F3AB16A3D27}.Release|Win32.ActiveCfg = Release|Win32
		{B9555184-CD52-4E65-BAEA-6F3AB16A3D27}.Release|Win32.Build.0 = Release|Win32
		{B9555184-CD52-4E65-BAEA-6F3AB16A3D27}.Release|x64.ActiveCfg = Release|x64
		{B9555184-CD52-4E65-BAEA-6F3AB16A3D27}.Release|x64.Build.0 = Release|x64
		{1119B244-BF02-4105-A005-EC8725F7F973}.Debug|Win32.ActiveCfg = Debug|Win32
		{1119B244-BF02-4105-A005-EC8725F7F973}.Debug|Win32.Build.0 = Debug|Win32
		{1119B244-BF02-4105-A005-EC8725F7F973}.Debug|x64.ActiveCfg = Debug|x64
		{1119B244-BF02-4105-A005-EC8725F7F973}.Debug|x64.Build.0 = Debug|x64
		{1119B244-BF02-4105-A005-EC8725F7F973}.Release|Win32.ActiveCfg = Release|Win32
		{1119B244-BF02-4105-A005-EC8725F7F973}.Release|Win32.Build.0 = Release|Win32
		{1119B244-BF02-4105-A005-EC8725F7F973}.Release|x64.ActiveCfg = Release|x64
		{1119B244-BF02-4105-A005-EC8725F7F973}.Release|x64.Build.0 = Release|x64
		{CCE00E90-3C53-41D2-BE78-0DCDBF762067}.Debug|Win32.ActiveCfg = Debug|Win32
		{CCE00E90-3C53-41D2-BE78-0DCDBF762067}.Debug|Win32.Build.0 = Debug|Win32
		{CCE00E90-3C53-41D2-BE78-0DCDBF762067}.Debug|x64.ActiveCfg = Debug|x64
		{CCE00E90-3C53-41D2-BE78-0DCDBF762067}.Debug|x64.Build.0 = Debug|x64
		{CCE00E90-3C53-41D2-BE78-0DCDBF762067}.Release|Win32.ActiveCfg = Release|Win32
		{CCE00E90-3C53-41D2-BE78-0DCDBF762067}.Release|Win32.Build.0 = Release|Win32
		{CCE00E90-3C53-41D2-BE78-0DCDBF762067}.Release|x64.ActiveCfg = Release|x64
		{CCE00E90-3C53-41D2-BE78-0DCDBF762067}.Release|x64.Build.0 = Release|x64
		{07227D12-B8A1-4A34-BA99-C4E7B86AF601}.Debug|Win32.ActiveCfg = Debug|Win32
		{07227D12-B8A1-4A34-BA99-C4E7B86AF601}.Debug|Win32.Build.0 = Debug|Win32
		{07227D12-B8A1-4A34-BA99-C4E7B86AF601}.Debug|x64.ActiveCfg = Debug|x64
		{07227D12-B8A1-4A34-BA99-C4E7B86AF601}.Debug|x64.Build.0 = Debug|x64
		{07227D12-B8A1-4A34-BA99-C4E7B86AF601}.Release|Win32.ActiveCfg = Release|Win32
		{07227D12-B8A1-4A34-BA99-C4E7B86AF601}.Release|Win32.Build.0 = Release|Win32
		{07227D12-B8A1-4A34-BA99-C4E7B86AF601}.Release|x64.ActiveCfg = Release|x64
		{07227D12-B8A1-4A34-BA99-C4E7B86AF601}.Release|x64.Build.0 = Release|x64
		{B715B92C-86D0-4AFC-8A64-2ED90A39FC7F}.Debug|Win32.ActiveCfg = Debug|Win32
		{B715B92C-86D0-4AFC-8A64-2ED90A39FC7F}.Debug|Win32.Build.0 = Debug|Win32
		{B715B92C-86D0-4AFC-8A64-2ED90A39FC7F}.Debug|x64.ActiveCfg = Debug|x64
		{B715B92C-86D0-4AFC-8A64-2ED90A39FC7F}.Debug|x64.Build.0 = Debug|x64
		{B715B92C-86D0-4AFC-8A64-2ED90A39FC7F}.Release|Win32.ActiveCfg = Release|Win32
		{B715B92C-86D0-4AFC-8A64-2ED90A39FC7F}.Release|Win32.Build.0 = Release|Win32
		{B715B92C-86D0-4AFC-8A64-2ED90A39FC7F}.Release|x64.ActiveCfg = Release|x64
		{B715B92C-86D0-4AFC-8A64-2ED90A39FC7F}.Release|x64.Build.0 = Release|x64
		{1119B244-BF02-4105-A005-EC8725F7F970}.Debug|Win32.ActiveCfg = Debug|Win32
		{1119B244-BF02-4105-A005-EC8725F7F970}.Debug|Win32.Build.0 = Debug|Win32
		{1119B244-BF02-4105-A005-EC8725F7F970}.Debug|x64.ActiveCfg = Debug|x64
		{1119B244-BF02-4105-A005-EC8725F7F970}.Debug|x64.Build.0 = Debug|x64
		{1119B244-BF02-4105-A005-EC8725F7F970}.Release|Win32.ActiveCfg = Release|Win32
		{1119B244-BF02-4105-A005-EC8725F7F970}.Release|Win32.Build.0 = Release|Win32
		{1119B244-BF02-4105-A005-EC8725F7F970}.Release|x64.ActiveCfg = Release|x64
		{1119B244-BF02-4105-A005-EC8725F7F970}.Release|x64.Build.0 = Release|x64
		{4F80B928-6CC8-45E2-A709-3CE78D226990}.Debug|Win32.ActiveCfg = Debug|Win32
		{4F80B928-6CC8-45E2-A709-3CE78D226990}.Debug|Win32.Build.0 = Debug|Win32
		{4F80B928-6CC8-45E2-A709-3CE78D226990}.Debug|x64.ActiveCfg = Debug|x64
		{4F80B928-6CC8-45E2-A709-3CE78D226990}.Debug|x64.Build.0 = Debug|x64
		{4F80B928-6CC8-45E2-A709-3CE78D226990}.Release|Win32.ActiveCfg = Release|Win32
		{4F80B928-6CC8-45E2-A709-3CE78D226990}.Release|Win32.Build.0 = Release|Win32
		{4F80B928-6CC8-45E2-A709-3CE78D226990}.Release|x64.ActiveCfg = Release|x64
		{4F80B928-6CC8-45E2-A709-3CE78D226990}.Release|x64.Build.0 = Release|x64
	EndGlobalSection
	GlobalSection(SolutionProperties) = preSolution
		HideSolutionNode = FALSE
	EndGlobalSection
EndGlobal
